
Microsoft Visual Studio Solution File, Format Version 12.00
# Visual Studio 2012
Project("{FAE04EC0-301F-11D3-BF4B-00C04F79EFBC}") = "MS.Katusha.Windows", "MS.Katusha.Windows\MS.Katusha.Windows.csproj", "{C30FB33D-D533-440E-8D32-C86191D112A7}"
EndProject
Project("{FAE04EC0-301F-11D3-BF4B-00C04F79EFBC}") = "MS.Katusha.SDK", "MS.Katusha.SDK\MS.Katusha.SDK.csproj", "{C4BEF6B0-C044-4696-9057-38428CA2C259}"
EndProject
Project("{FAE04EC0-301F-11D3-BF4B-00C04F79EFBC}") = "MS.Katusha.Crawler", "MS.Katusha.Crawler\MS.Katusha.Crawler.csproj", "{7E4AB0D4-3C6E-4581-9A49-57D169A58889}"
EndProject
Project("{2150E333-8FDC-42A3-9474-1A3956D46DE8}") = ".nuget", ".nuget", "{4DA68F40-1133-44DF-9661-E40C06BD7D80}"
	ProjectSection(SolutionItems) = preProject
		.nuget\NuGet.Config = .nuget\NuGet.Config
		.nuget\NuGet.exe = .nuget\NuGet.exe
		.nuget\NuGet.targets = .nuget\NuGet.targets
	EndProjectSection
EndProject
Project("{FAE04EC0-301F-11D3-BF4B-00C04F79EFBC}") = "MS.Katusha", "..\MS.Katusha\MS.Katusha.Domain\MS.Katusha.csproj", "{36AA6969-6329-4BB1-BEA6-8AFCC1CA4152}"
EndProject
Project("{FAE04EC0-301F-11D3-BF4B-00C04F79EFBC}") = "MS.Katusha.FileSystems", "..\MS.Katusha\MS.Katusha.FileSystems\MS.Katusha.FileSystems.csproj", "{46BB085A-B2F4-4CB7-A939-D335C1C660D5}"
EndProject
Project("{FAE04EC0-301F-11D3-BF4B-00C04F79EFBC}") = "AppHarbor.SqlServerBulkCopy", "..\AppHarbor-SqlServerBulkCopy\src\AppHarbor.SqlServerBulkCopy\AppHarbor.SqlServerBulkCopy.csproj", "{ABB1E868-9607-4766-BDBA-D366FA18C9C4}"
EndProject
Project("{2150E333-8FDC-42A3-9474-1A3956D46DE8}") = "Solution Items", "Solution Items", "{905E6CE1-7820-415F-ADD3-3C9379080D0F}"
	ProjectSection(SolutionItems) = preProject
		RavenDB\Raven.Storage.Esent\Raven.Storage.Esent.csproj = RavenDB\Raven.Storage.Esent\Raven.Storage.Esent.csproj
	EndProjectSection
EndProject
Project("{FAE04EC0-301F-11D3-BF4B-00C04F79EFBC}") = "Raven.Storage.Esent", "RavenDB\Raven.Storage.Esent\Raven.Storage.Esent.csproj", "{9DEE8674-D0CD-430D-BD9B-6CD95F3CAB22}"
EndProject
Project("{2150E333-8FDC-42A3-9474-1A3956D46DE8}") = "RavenDB", "RavenDB", "{68C182E4-4FA2-4081-BEF3-DB84B1188268}"
EndProject
Project("{FAE04EC0-301F-11D3-BF4B-00C04F79EFBC}") = "Raven.Munin", "RavenDB\Raven.Munin\Raven.Munin.csproj", "{486537C2-EDF7-404F-9CFB-EEE25996DF5F}"
EndProject
Project("{FAE04EC0-301F-11D3-BF4B-00C04F79EFBC}") = "Raven.Storage.Managed", "RavenDB\Raven.Storage.Managed\Raven.Storage.Managed.csproj", "{DA99A419-E137-40DB-9495-0C363B479D4B}"
EndProject
Project("{FAE04EC0-301F-11D3-BF4B-00C04F79EFBC}") = "Raven.Database", "RavenDB\Raven.Database\Raven.Database.csproj", "{212823CD-25E1-41AC-92D1-D6DF4D53FC85}"
EndProject
Project("{FAE04EC0-301F-11D3-BF4B-00C04F79EFBC}") = "Raven.Client.Embedded", "RavenDB\Raven.Client.Embedded\Raven.Client.Embedded.csproj", "{0F5287AD-37B3-4375-BA3E-3CED64B1FC5B}"
EndProject
Global
	GlobalSection(SolutionConfigurationPlatforms) = preSolution
		Debug|Any CPU = Debug|Any CPU
		Debug|Mixed Platforms = Debug|Mixed Platforms
		Debug|x86 = Debug|x86
		Release|Any CPU = Release|Any CPU
		Release|Mixed Platforms = Release|Mixed Platforms
		Release|x86 = Release|x86
	EndGlobalSection
	GlobalSection(ProjectConfigurationPlatforms) = postSolution
		{C30FB33D-D533-440E-8D32-C86191D112A7}.Debug|Any CPU.ActiveCfg = Debug|Any CPU
		{C30FB33D-D533-440E-8D32-C86191D112A7}.Debug|Any CPU.Build.0 = Debug|Any CPU
		{C30FB33D-D533-440E-8D32-C86191D112A7}.Debug|Mixed Platforms.ActiveCfg = Debug|Any CPU
		{C30FB33D-D533-440E-8D32-C86191D112A7}.Debug|Mixed Platforms.Build.0 = Debug|Any CPU
		{C30FB33D-D533-440E-8D32-C86191D112A7}.Debug|x86.ActiveCfg = Debug|Any CPU
		{C30FB33D-D533-440E-8D32-C86191D112A7}.Release|Any CPU.ActiveCfg = Release|Any CPU
		{C30FB33D-D533-440E-8D32-C86191D112A7}.Release|Any CPU.Build.0 = Release|Any CPU
		{C30FB33D-D533-440E-8D32-C86191D112A7}.Release|Mixed Platforms.ActiveCfg = Release|Any CPU
		{C30FB33D-D533-440E-8D32-C86191D112A7}.Release|Mixed Platforms.Build.0 = Release|Any CPU
		{C30FB33D-D533-440E-8D32-C86191D112A7}.Release|x86.ActiveCfg = Release|Any CPU
		{C4BEF6B0-C044-4696-9057-38428CA2C259}.Debug|Any CPU.ActiveCfg = Debug|Any CPU
		{C4BEF6B0-C044-4696-9057-38428CA2C259}.Debug|Any CPU.Build.0 = Debug|Any CPU
		{C4BEF6B0-C044-4696-9057-38428CA2C259}.Debug|Mixed Platforms.ActiveCfg = Debug|Any CPU
		{C4BEF6B0-C044-4696-9057-38428CA2C259}.Debug|Mixed Platforms.Build.0 = Debug|Any CPU
		{C4BEF6B0-C044-4696-9057-38428CA2C259}.Debug|x86.ActiveCfg = Debug|Any CPU
		{C4BEF6B0-C044-4696-9057-38428CA2C259}.Release|Any CPU.ActiveCfg = Release|Any CPU
		{C4BEF6B0-C044-4696-9057-38428CA2C259}.Release|Any CPU.Build.0 = Release|Any CPU
		{C4BEF6B0-C044-4696-9057-38428CA2C259}.Release|Mixed Platforms.ActiveCfg = Release|Any CPU
		{C4BEF6B0-C044-4696-9057-38428CA2C259}.Release|Mixed Platforms.Build.0 = Release|Any CPU
		{C4BEF6B0-C044-4696-9057-38428CA2C259}.Release|x86.ActiveCfg = Release|Any CPU
		{7E4AB0D4-3C6E-4581-9A49-57D169A58889}.Debug|Any CPU.ActiveCfg = Debug|Any CPU
		{7E4AB0D4-3C6E-4581-9A49-57D169A58889}.Debug|Any CPU.Build.0 = Debug|Any CPU
		{7E4AB0D4-3C6E-4581-9A49-57D169A58889}.Debug|Mixed Platforms.ActiveCfg = Debug|Any CPU
		{7E4AB0D4-3C6E-4581-9A49-57D169A58889}.Debug|Mixed Platforms.Build.0 = Debug|Any CPU
		{7E4AB0D4-3C6E-4581-9A49-57D169A58889}.Debug|x86.ActiveCfg = Debug|Any CPU
		{7E4AB0D4-3C6E-4581-9A49-57D169A58889}.Release|Any CPU.ActiveCfg = Release|Any CPU
		{7E4AB0D4-3C6E-4581-9A49-57D169A58889}.Release|Any CPU.Build.0 = Release|Any CPU
		{7E4AB0D4-3C6E-4581-9A49-57D169A58889}.Release|Mixed Platforms.ActiveCfg = Release|Any CPU
		{7E4AB0D4-3C6E-4581-9A49-57D169A58889}.Release|Mixed Platforms.Build.0 = Release|Any CPU
		{7E4AB0D4-3C6E-4581-9A49-57D169A58889}.Release|x86.ActiveCfg = Release|Any CPU
		{36AA6969-6329-4BB1-BEA6-8AFCC1CA4152}.Debug|Any CPU.ActiveCfg = Debug|Any CPU
		{36AA6969-6329-4BB1-BEA6-8AFCC1CA4152}.Debug|Any CPU.Build.0 = Debug|Any CPU
		{36AA6969-6329-4BB1-BEA6-8AFCC1CA4152}.Debug|Mixed Platforms.ActiveCfg = Debug|Any CPU
		{36AA6969-6329-4BB1-BEA6-8AFCC1CA4152}.Debug|Mixed Platforms.Build.0 = Debug|Any CPU
		{36AA6969-6329-4BB1-BEA6-8AFCC1CA4152}.Debug|x86.ActiveCfg = Debug|Any CPU
		{36AA6969-6329-4BB1-BEA6-8AFCC1CA4152}.Release|Any CPU.ActiveCfg = Release|Any CPU
		{36AA6969-6329-4BB1-BEA6-8AFCC1CA4152}.Release|Any CPU.Build.0 = Release|Any CPU
		{36AA6969-6329-4BB1-BEA6-8AFCC1CA4152}.Release|Mixed Platforms.ActiveCfg = Release|Any CPU
		{36AA6969-6329-4BB1-BEA6-8AFCC1CA4152}.Release|Mixed Platforms.Build.0 = Release|Any CPU
		{36AA6969-6329-4BB1-BEA6-8AFCC1CA4152}.Release|x86.ActiveCfg = Release|Any CPU
		{46BB085A-B2F4-4CB7-A939-D335C1C660D5}.Debug|Any CPU.ActiveCfg = Debug|Any CPU
		{46BB085A-B2F4-4CB7-A939-D335C1C660D5}.Debug|Any CPU.Build.0 = Debug|Any CPU
		{46BB085A-B2F4-4CB7-A939-D335C1C660D5}.Debug|Mixed Platforms.ActiveCfg = Debug|Any CPU
		{46BB085A-B2F4-4CB7-A939-D335C1C660D5}.Debug|Mixed Platforms.Build.0 = Debug|Any CPU
		{46BB085A-B2F4-4CB7-A939-D335C1C660D5}.Debug|x86.ActiveCfg = Debug|Any CPU
		{46BB085A-B2F4-4CB7-A939-D335C1C660D5}.Release|Any CPU.ActiveCfg = Release|Any CPU
		{46BB085A-B2F4-4CB7-A939-D335C1C660D5}.Release|Any CPU.Build.0 = Release|Any CPU
		{46BB085A-B2F4-4CB7-A939-D335C1C660D5}.Release|Mixed Platforms.ActiveCfg = Release|Any CPU
		{46BB085A-B2F4-4CB7-A939-D335C1C660D5}.Release|Mixed Platforms.Build.0 = Release|Any CPU
		{46BB085A-B2F4-4CB7-A939-D335C1C660D5}.Release|x86.ActiveCfg = Release|Any CPU
		{ABB1E868-9607-4766-BDBA-D366FA18C9C4}.Debug|Any CPU.ActiveCfg = Debug|x86
		{ABB1E868-9607-4766-BDBA-D366FA18C9C4}.Debug|Mixed Platforms.ActiveCfg = Debug|x86
		{ABB1E868-9607-4766-BDBA-D366FA18C9C4}.Debug|Mixed Platforms.Build.0 = Debug|x86
		{ABB1E868-9607-4766-BDBA-D366FA18C9C4}.Debug|x86.ActiveCfg = Debug|x86
		{ABB1E868-9607-4766-BDBA-D366FA18C9C4}.Debug|x86.Build.0 = Debug|x86
		{ABB1E868-9607-4766-BDBA-D366FA18C9C4}.Release|Any CPU.ActiveCfg = Release|x86
		{ABB1E868-9607-4766-BDBA-D366FA18C9C4}.Release|Mixed Platforms.ActiveCfg = Release|x86
		{ABB1E868-9607-4766-BDBA-D366FA18C9C4}.Release|Mixed Platforms.Build.0 = Release|x86
		{ABB1E868-9607-4766-BDBA-D366FA18C9C4}.Release|x86.ActiveCfg = Release|x86
		{ABB1E868-9607-4766-BDBA-D366FA18C9C4}.Release|x86.Build.0 = Release|x86
		{9DEE8674-D0CD-430D-BD9B-6CD95F3CAB22}.Debug|Any CPU.ActiveCfg = Debug|Any CPU
		{9DEE8674-D0CD-430D-BD9B-6CD95F3CAB22}.Debug|Any CPU.Build.0 = Debug|Any CPU
		{9DEE8674-D0CD-430D-BD9B-6CD95F3CAB22}.Debug|Mixed Platforms.ActiveCfg = Debug|Any CPU
		{9DEE8674-D0CD-430D-BD9B-6CD95F3CAB22}.Debug|Mixed Platforms.Build.0 = Debug|Any CPU
		{9DEE8674-D0CD-430D-BD9B-6CD95F3CAB22}.Debug|x86.ActiveCfg = Debug|Any CPU
		{9DEE8674-D0CD-430D-BD9B-6CD95F3CAB22}.Release|Any CPU.ActiveCfg = Release|Any CPU
		{9DEE8674-D0CD-430D-BD9B-6CD95F3CAB22}.Release|Any CPU.Build.0 = Release|Any CPU
		{9DEE8674-D0CD-430D-BD9B-6CD95F3CAB22}.Release|Mixed Platforms.ActiveCfg = Release|Any CPU
		{9DEE8674-D0CD-430D-BD9B-6CD95F3CAB22}.Release|Mixed Platforms.Build.0 = Release|Any CPU
		{9DEE8674-D0CD-430D-BD9B-6CD95F3CAB22}.Release|x86.ActiveCfg = Release|Any CPU
		{486537C2-EDF7-404F-9CFB-EEE25996DF5F}.Debug|Any CPU.ActiveCfg = Debug|Any CPU
		{486537C2-EDF7-404F-9CFB-EEE25996DF5F}.Debug|Any CPU.Build.0 = Debug|Any CPU
		{486537C2-EDF7-404F-9CFB-EEE25996DF5F}.Debug|Mixed Platforms.ActiveCfg = Debug|Any CPU
		{486537C2-EDF7-404F-9CFB-EEE25996DF5F}.Debug|Mixed Platforms.Build.0 = Debug|Any CPU
		{486537C2-EDF7-404F-9CFB-EEE25996DF5F}.Debug|x86.ActiveCfg = Debug|Any CPU
		{486537C2-EDF7-404F-9CFB-EEE25996DF5F}.Release|Any CPU.ActiveCfg = Release|Any CPU
		{486537C2-EDF7-404F-9CFB-EEE25996DF5F}.Release|Any CPU.Build.0 = Release|Any CPU
		{486537C2-EDF7-404F-9CFB-EEE25996DF5F}.Release|Mixed Platforms.ActiveCfg = Release|Any CPU
		{486537C2-EDF7-404F-9CFB-EEE25996DF5F}.Release|Mixed Platforms.Build.0 = Release|Any CPU
		{486537C2-EDF7-404F-9CFB-EEE25996DF5F}.Release|x86.ActiveCfg = Release|Any CPU
		{DA99A419-E137-40DB-9495-0C363B479D4B}.Debug|Any CPU.ActiveCfg = Debug|Any CPU
		{DA99A419-E137-40DB-9495-0C363B479D4B}.Debug|Any CPU.Build.0 = Debug|Any CPU
		{DA99A419-E137-40DB-9495-0C363B479D4B}.Debug|Mixed Platforms.ActiveCfg = Debug|Any CPU
		{DA99A419-E137-40DB-9495-0C363B479D4B}.Debug|Mixed Platforms.Build.0 = Debug|Any CPU
		{DA99A419-E137-40DB-9495-0C363B479D4B}.Debug|x86.ActiveCfg = Debug|Any CPU
		{DA99A419-E137-40DB-9495-0C363B479D4B}.Release|Any CPU.ActiveCfg = Release|Any CPU
		{DA99A419-E137-40DB-9495-0C363B479D4B}.Release|Any CPU.Build.0 = Release|Any CPU
		{DA99A419-E137-40DB-9495-0C363B479D4B}.Release|Mixed Platforms.ActiveCfg = Release|Any CPU
		{DA99A419-E137-40DB-9495-0C363B479D4B}.Release|Mixed Platforms.Build.0 = Release|Any CPU
		{DA99A419-E137-40DB-9495-0C363B479D4B}.Release|x86.ActiveCfg = Release|Any CPU
		{212823CD-25E1-41AC-92D1-D6DF4D53FC85}.Debug|Any CPU.ActiveCfg = Debug|Any CPU
		{212823CD-25E1-41AC-92D1-D6DF4D53FC85}.Debug|Any CPU.Build.0 = Debug|Any CPU
		{212823CD-25E1-41AC-92D1-D6DF4D53FC85}.Debug|Mixed Platforms.ActiveCfg = Debug|Any CPU
		{212823CD-25E1-41AC-92D1-D6DF4D53FC85}.Debug|Mixed Platforms.Build.0 = Debug|Any CPU
		{212823CD-25E1-41AC-92D1-D6DF4D53FC85}.Debug|x86.ActiveCfg = Debug|Any CPU
		{212823CD-25E1-41AC-92D1-D6DF4D53FC85}.Release|Any CPU.ActiveCfg = Release|Any CPU
		{212823CD-25E1-41AC-92D1-D6DF4D53FC85}.Release|Any CPU.Build.0 = Release|Any CPU
		{212823CD-25E1-41AC-92D1-D6DF4D53FC85}.Release|Mixed Platforms.ActiveCfg = Release|Any CPU
		{212823CD-25E1-41AC-92D1-D6DF4D53FC85}.Release|Mixed Platforms.Build.0 = Release|Any CPU
		{212823CD-25E1-41AC-92D1-D6DF4D53FC85}.Release|x86.ActiveCfg = Release|Any CPU
		{0F5287AD-37B3-4375-BA3E-3CED64B1FC5B}.Debug|Any CPU.ActiveCfg = Debug|Any CPU
		{0F5287AD-37B3-4375-BA3E-3CED64B1FC5B}.Debug|Any CPU.Build.0 = Debug|Any CPU
		{0F5287AD-37B3-4375-BA3E-3CED64B1FC5B}.Debug|Mixed Platforms.ActiveCfg = Debug|Any CPU
		{0F5287AD-37B3-4375-BA3E-3CED64B1FC5B}.Debug|Mixed Platforms.Build.0 = Debug|Any CPU
		{0F5287AD-37B3-4375-BA3E-3CED64B1FC5B}.Debug|x86.ActiveCfg = Debug|Any CPU
		{0F5287AD-37B3-4375-BA3E-3CED64B1FC5B}.Release|Any CPU.ActiveCfg = Release|Any CPU
		{0F5287AD-37B3-4375-BA3E-3CED64B1FC5B}.Release|Any CPU.Build.0 = Release|Any CPU
		{0F5287AD-37B3-4375-BA3E-3CED64B1FC5B}.Release|Mixed Platforms.ActiveCfg = Release|Any CPU
		{0F5287AD-37B3-4375-BA3E-3CED64B1FC5B}.Release|Mixed Platforms.Build.0 = Release|Any CPU
		{0F5287AD-37B3-4375-BA3E-3CED64B1FC5B}.Release|x86.ActiveCfg = Release|Any CPU
	EndGlobalSection
	GlobalSection(SolutionProperties) = preSolution
		HideSolutionNode = FALSE
	EndGlobalSection
	GlobalSection(NestedProjects) = preSolution
		{9DEE8674-D0CD-430D-BD9B-6CD95F3CAB22} = {68C182E4-4FA2-4081-BEF3-DB84B1188268}
		{486537C2-EDF7-404F-9CFB-EEE25996DF5F} = {68C182E4-4FA2-4081-BEF3-DB84B1188268}
		{DA99A419-E137-40DB-9495-0C363B479D4B} = {68C182E4-4FA2-4081-BEF3-DB84B1188268}
		{212823CD-25E1-41AC-92D1-D6DF4D53FC85} = {68C182E4-4FA2-4081-BEF3-DB84B1188268}
		{0F5287AD-37B3-4375-BA3E-3CED64B1FC5B} = {68C182E4-4FA2-4081-BEF3-DB84B1188268}
	EndGlobalSection
EndGlobal
